// !$*UTF8*$!
{
	archiveVersion = 1;
	classes = {
	};
	objectVersion = 46;
	objects = {

/* Begin PBXBuildFile section */
		4BB1385D1D988C5F002E866F /* AppDelegate.swift in Sources */ = {isa = PBXBuildFile; fileRef = 4BB1385C1D988C5F002E866F /* AppDelegate.swift */; };
		4BB1385F1D988C5F002E866F /* ViewController.swift in Sources */ = {isa = PBXBuildFile; fileRef = 4BB1385E1D988C5F002E866F /* ViewController.swift */; };
		4BB138621D988C5F002E866F /* Main.storyboard in Resources */ = {isa = PBXBuildFile; fileRef = 4BB138601D988C5F002E866F /* Main.storyboard */; };
		4BB138651D988C5F002E866F /* GameCollector.xcdatamodeld in Sources */ = {isa = PBXBuildFile; fileRef = 4BB138631D988C5F002E866F /* GameCollector.xcdatamodeld */; };
		4BB138671D988C5F002E866F /* Assets.xcassets in Resources */ = {isa = PBXBuildFile; fileRef = 4BB138661D988C5F002E866F /* Assets.xcassets */; };
		4BB1386A1D988C5F002E866F /* LaunchScreen.storyboard in Resources */ = {isa = PBXBuildFile; fileRef = 4BB138681D988C5F002E866F /* LaunchScreen.storyboard */; };
		4BB138721D9910A1002E866F /* forest.png in Resources */ = {isa = PBXBuildFile; fileRef = 4BB138711D9910A1002E866F /* forest.png */; };
		4BB138741D991400002E866F /* GameViewController.swift in Sources */ = {isa = PBXBuildFile; fileRef = 4BB138731D991400002E866F /* GameViewController.swift */; };
/* End PBXBuildFile section */

/* Begin PBXFileReference section */
		4BB138591D988C5F002E866F /* GameCollector.app */ = {isa = PBXFileReference; explicitFileType = wrapper.application; includeInIndex = 0; path = GameCollector.app; sourceTree = BUILT_PRODUCTS_DIR; };
		4BB1385C1D988C5F002E866F /* AppDelegate.swift */ = {isa = PBXFileReference; lastKnownFileType = sourcecode.swift; path = AppDelegate.swift; sourceTree = "<group>"; };
		4BB1385E1D988C5F002E866F /* ViewController.swift */ = {isa = PBXFileReference; lastKnownFileType = sourcecode.swift; path = ViewController.swift; sourceTree = "<group>"; };
		4BB138611D988C5F002E866F /* Base */ = {isa = PBXFileReference; lastKnownFileType = file.storyboard; name = Base; path = Base.lproj/Main.storyboard; sourceTree = "<group>"; };
		4BB138641D988C5F002E866F /* GameCollector.xcdatamodel */ = {isa = PBXFileReference; lastKnownFileType = wrapper.xcdatamodel; path = GameCollector.xcdatamodel; sourceTree = "<group>"; };
		4BB138661D988C5F002E866F /* Assets.xcassets */ = {isa = PBXFileReference; lastKnownFileType = folder.assetcatalog; path = Assets.xcassets; sourceTree = "<group>"; };
		4BB138691D988C5F002E866F /* Base */ = {isa = PBXFileReference; lastKnownFileType = file.storyboard; name = Base; path = Base.lproj/LaunchScreen.storyboard; sourceTree = "<group>"; };
		4BB1386B1D988C5F002E866F /* Info.plist */ = {isa = PBXFileReference; lastKnownFileType = text.plist.xml; path = Info.plist; sourceTree = "<group>"; };
		4BB138711D9910A1002E866F /* forest.png */ = {isa = PBXFileReference; lastKnownFileType = image.png; path = forest.png; sourceTree = "<group>"; };
		4BB138731D991400002E866F /* GameViewController.swift */ = {isa = PBXFileReference; fileEncoding = 4; lastKnownFileType = sourcecode.swift; path = GameViewController.swift; sourceTree = "<group>"; };
/* End PBXFileReference section */

/* Begin PBXFrameworksBuildPhase section */
		4BB138561D988C5F002E866F /* Frameworks */ = {
			isa = PBXFrameworksBuildPhase;
			buildActionMask = 2147483647;
			files = (
			);
			runOnlyForDeploymentPostprocessing = 0;
		};
/* End PBXFrameworksBuildPhase section */

/* Begin PBXGroup section */
		4BB138501D988C5F002E866F = {
			isa = PBXGroup;
			children = (
				4BB1385B1D988C5F002E866F /* GameCollector */,
				4BB1385A1D988C5F002E866F /* Products */,
			);
			sourceTree = "<group>";
		};
		4BB1385A1D988C5F002E866F /* Products */ = {
			isa = PBXGroup;
			children = (
				4BB138591D988C5F002E866F /* GameCollector.app */,
			);
			name = Products;
			sourceTree = "<group>";
		};
		4BB1385B1D988C5F002E866F /* GameCollector */ = {
			isa = PBXGroup;
			children = (
				4BB1385C1D988C5F002E866F /* AppDelegate.swift */,
				4BB1385E1D988C5F002E866F /* ViewController.swift */,
				4BB138731D991400002E866F /* GameViewController.swift */,
				4BB138711D9910A1002E866F /* forest.png */,
				4BB138601D988C5F002E866F /* Main.storyboard */,
				4BB138661D988C5F002E866F /* Assets.xcassets */,
				4BB138681D988C5F002E866F /* LaunchScreen.storyboard */,
				4BB1386B1D988C5F002E866F /* Info.plist */,
				4BB138631D988C5F002E866F /* GameCollector.xcdatamodeld */,
			);
			path = GameCollector;
			sourceTree = "<group>";
		};
/* End PBXGroup section */

/* Begin PBXNativeTarget section */
		4BB138581D988C5F002E866F /* GameCollector */ = {
			isa = PBXNativeTarget;
			buildConfigurationList = 4BB1386E1D988C5F002E866F /* Build configuration list for PBXNativeTarget "GameCollector" */;
			buildPhases = (
				4BB138551D988C5F002E866F /* Sources */,
				4BB138561D988C5F002E866F /* Frameworks */,
				4BB138571D988C5F002E866F /* Resources */,
			);
			buildRules = (
			);
			dependencies = (
			);
			name = GameCollector;
			productName = GameCollector;
			productReference = 4BB138591D988C5F002E866F /* GameCollector.app */;
			productType = "com.apple.product-type.application";
		};
/* End PBXNativeTarget section */

/* Begin PBXProject section */
		4BB138511D988C5F002E866F /* Project object */ = {
			isa = PBXProject;
			attributes = {
				LastSwiftUpdateCheck = 0800;
				LastUpgradeCheck = 0800;
				ORGANIZATIONNAME = mylab;
				TargetAttributes = {
					4BB138581D988C5F002E866F = {
						CreatedOnToolsVersion = 8.0;
						ProvisioningStyle = Automatic;
					};
				};
			};
			buildConfigurationList = 4BB138541D988C5F002E866F /* Build configuration list for PBXProject "GameCollector" */;
			compatibilityVersion = "Xcode 3.2";
			developmentRegion = English;
			hasScannedForEncodings = 0;
			knownRegions = (
				en,
				Base,
			);
			mainGroup = 4BB138501D988C5F002E866F;
			productRefGroup = 4BB1385A1D988C5F002E866F /* Products */;
			projectDirPath = "";
			projectRoot = "";
			targets = (
				4BB138581D988C5F002E866F /* GameCollector */,
			);
		};
/* End PBXProject section */

/* Begin PBXResourcesBuildPhase section */
		4BB138571D988C5F002E866F /* Resources */ = {
			isa = PBXResourcesBuildPhase;
			buildActionMask = 2147483647;
			files = (
				4BB138721D9910A1002E866F /* forest.png in Resources */,
				4BB1386A1D988C5F002E866F /* LaunchScreen.storyboard in Resources */,
				4BB138671D988C5F002E866F /* Assets.xcassets in Resources */,
				4BB138621D988C5F002E866F /* Main.storyboard in Resources */,
			);
			runOnlyForDeploymentPostprocessing = 0;
		};
/* End PBXResourcesBuildPhase section */

/* Begin PBXSourcesBuildPhase section */
		4BB138551D988C5F002E866F /* Sources */ = {
			isa = PBXSourcesBuildPhase;
			buildActionMask = 2147483647;
			files = (
				4BB138741D991400002E866F /* GameViewController.swift in Sources */,
				4BB138651D988C5F002E866F /* GameCollector.xcdatamodeld in Sources */,
				4BB1385F1D988C5F002E866F /* ViewController.swift in Sources */,
				4BB1385D1D988C5F002E866F /* AppDelegate.swift in Sources */,
			);
			runOnlyForDeploymentPostprocessing = 0;
		};
/* End PBXSourcesBuildPhase section */

/* Begin PBXVariantGroup section */
		4BB138601D988C5F002E866F /* Main.storyboard */ = {
			isa = PBXVariantGroup;
			children = (
				4BB138611D988C5F002E866F /* Base */,
			);
			name = Main.storyboard;
			sourceTree = "<group>";
		};
		4BB138681D988C5F002E866F /* LaunchScreen.storyboard */ = {
			isa = PBXVariantGroup;
			children = (
				4BB138691D988C5F002E866F /* Base */,
			);
			name = LaunchScreen.storyboard;
			sourceTree = "<group>";
		};
/* End PBXVariantGroup section */

/* Begin XCBuildConfiguration section */
		4BB1386C1D988C5F002E866F /* Debug */ = {
			isa = XCBuildConfiguration;
			buildSettings = {
				ALWAYS_SEARCH_USER_PATHS = NO;
				CLANG_ANALYZER_NONNULL = YES;
				CLANG_CXX_LANGUAGE_STANDARD = "gnu++0x";
				CLANG_CXX_LIBRARY = "libc++";
				CLANG_ENABLE_MODULES = YES;
				CLANG_ENABLE_OBJC_ARC = YES;
				CLANG_WARN_BOOL_CONVERSION = YES;
				CLANG_WARN_CONSTANT_CONVERSION = YES;
				CLANG_WARN_DIRECT_OBJC_ISA_USAGE = YES_ERROR;
				CLANG_WARN_DOCUMENTATION_COMMENTS = YES;
				CLANG_WARN_EMPTY_BODY = YES;
				CLANG_WARN_ENUM_CONVERSION = YES;
				CLANG_WARN_INFINITE_RECURSION = YES;
				CLANG_WARN_INT_CONVERSION = YES;
				CLANG_WARN_OBJC_ROOT_CLASS = YES_ERROR;
				CLANG_WARN_SUSPICIOUS_MOVES = YES;
				CLANG_WARN_UNREACHABLE_CODE = YES;
				CLANG_WARN__DUPLICATE_METHOD_MATCH = YES;
				"CODE_SIGN_IDENTITY[sdk=iphoneos*]" = "iPhone Developer";
				COPY_PHASE_STRIP = NO;
				DEBUG_INFORMATION_FORMAT = dwarf;
				ENABLE_STRICT_OBJC_MSGSEND = YES;
				ENABLE_TESTABILITY = YES;
				GCC_C_LANGUAGE_STANDARD = gnu99;
				GCC_DYNAMIC_NO_PIC = NO;
				GCC_NO_COMMON_BLOCKS = YES;
				GCC_OPTIMIZATION_LEVEL = 0;
				GCC_PREPROCESSOR_DEFINITIONS = (
					"DEBUG=1",
					"$(inherited)",
				);
				GCC_WARN_64_TO_32_BIT_CONVERSION = YES;
				GCC_WARN_ABOUT_RETURN_TYPE = YES_ERROR;
				GCC_WARN_UNDECLARED_SELECTOR = YES;
				GCC_WARN_UNINITIALIZED_AUTOS = YES_AGGRESSIVE;
				GCC_WARN_UNUSED_FUNCTION = YES;
				GCC_WARN_UNUSED_VARIABLE = YES;
				IPHONEOS_DEPLOYMENT_TARGET = 10.0;
				MTL_ENABLE_DEBUG_INFO = YES;
				ONLY_ACTIVE_ARCH = YES;
				SDKROOT = iphoneos;
				SWIFT_ACTIVE_COMPILATION_CONDITIONS = DEBUG;
				SWIFT_OPTIMIZATION_LEVEL = "-Onone";
				TARGETED_DEVICE_FAMILY = "1,2";
			};
			name = Debug;
		};
		4BB1386D1D988C5F002E866F /* Release */ = {
			isa = XCBuildConfiguration;
			buildSettings = {
				ALWAYS_SEARCH_USER_PATHS = NO;
				CLANG_ANALYZER_NONNULL = YES;
				CLANG_CXX_LANGUAGE_STANDARD = "gnu++0x";
				CLANG_CXX_LIBRARY = "libc++";
				CLANG_ENABLE_MODULES = YES;
				CLANG_ENABLE_OBJC_ARC = YES;
				CLANG_WARN_BOOL_CONVERSION = YES;
				CLANG_WARN_CONSTANT_CONVERSION = YES;
				CLANG_WARN_DIRECT_OBJC_ISA_USAGE = YES_ERROR;
				CLANG_WARN_DOCUMENTATION_COMMENTS = YES;
				CLANG_WARN_EMPTY_BODY = YES;
				CLANG_WARN_ENUM_CONVERSION = YES;
				CLANG_WARN_INFINITE_RECURSION = YES;
				CLANG_WARN_INT_CONVERSION = YES;
				CLANG_WARN_OBJC_ROOT_CLASS = YES_ERROR;
				CLANG_WARN_SUSPICIOUS_MOVES = YES;
				CLANG_WARN_UNREACHABLE_CODE = YES;
				CLANG_WARN__DUPLICATE_METHOD_MATCH = YES;
				"CODE_SIGN_IDENTITY[sdk=iphoneos*]" = "iPhone Developer";
				COPY_PHASE_STRIP = NO;
				DEBUG_INFORMATION_FORMAT = "dwarf-with-dsym";
				ENABLE_NS_ASSERTIONS = NO;
				ENABLE_STRICT_OBJC_MSGSEND = YES;
				GCC_C_LANGUAGE_STANDARD = gnu99;
				GCC_NO_COMMON_BLOCKS = YES;
				GCC_WARN_64_TO_32_BIT_CONVERSION = YES;
				GCC_WARN_ABOUT_RETURN_TYPE = YES_ERROR;
				GCC_WARN_UNDECLARED_SELECTOR = YES;
				GCC_WARN_UNINITIALIZED_AUTOS = YES_AGGRESSIVE;
				GCC_WARN_UNUSED_FUNCTION = YES;
				GCC_WARN_UNUSED_VARIABLE = YES;
				IPHONEOS_DEPLOYMENT_TARGET = 10.0;
				MTL_ENABLE_DEBUG_INFO = NO;
				SDKROOT = iphoneos;
				SWIFT_OPTIMIZATION_LEVEL = "-Owholemodule";
				TARGETED_DEVICE_FAMILY = "1,2";
				VALIDATE_PRODUCT = YES;
			};
			name = Release;
		};
		4BB1386F1D988C5F002E866F /* Debug */ = {
			isa = XCBuildConfiguration;
			buildSettings = {
				ASSETCATALOG_COMPILER_APPICON_NAME = AppIcon;
				INFOPLIST_FILE = GameCollector/Info.plist;
				LD_RUNPATH_SEARCH_PATHS = "$(inherited) @executable_path/Frameworks";
				PRODUCT_BUNDLE_IDENTIFIER = com.mylab.GameCollector;
				PRODUCT_NAME = "$(TARGET_NAME)";
				SWIFT_VERSION = 3.0;
			};
			name = Debug;
		};
		4BB138701D988C5F002E866F /* Release */ = {
			isa = XCBuildConfiguration;
			buildSettings = {
				ASSETCATALOG_COMPILER_APPICON_NAME = AppIcon;
				INFOPLIST_FILE = GameCollector/Info.plist;
				LD_RUNPATH_SEARCH_PATHS = "$(inherited) @executable_path/Frameworks";
				PRODUCT_BUNDLE_IDENTIFIER = com.mylab.GameCollector;
				PRODUCT_NAME = "$(TARGET_NAME)";
				SWIFT_VERSION = 3.0;
			};
			name = Release;
		};
/* End XCBuildConfiguration section */

/* Begin XCConfigurationList section */
		4BB138541D988C5F002E866F /* Build configuration list for PBXProject "GameCollector" */ = {
			isa = XCConfigurationList;
			buildConfigurations = (
				4BB1386C1D988C5F002E866F /* Debug */,
				4BB1386D1D988C5F002E866F /* Release */,
			);
			defaultConfigurationIsVisible = 0;
			defaultConfigurationName = Release;
		};
		4BB1386E1D988C5F002E866F /* Build configuration list for PBXNativeTarget "GameCollector" */ = {
			isa = XCConfigurationList;
			buildConfigurations = (
				4BB1386F1D988C5F002E866F /* Debug */,
				4BB138701D988C5F002E866F /* Release */,
			);
			defaultConfigurationIsVisible = 0;
		};
/* End XCConfigurationList section */

/* Begin XCVersionGroup section */
		4BB138631D988C5F002E866F /* GameCollector.xcdatamodeld */ = {
			isa = XCVersionGroup;
			children = (
				4BB138641D988C5F002E866F /* GameCollector.xcdatamodel */,
			);
			currentVersion = 4BB138641D988C5F002E866F /* GameCollector.xcdatamodel */;
			path = GameCollector.xcdatamodeld;
			sourceTree = "<group>";
			versionGroupType = wrapper.xcdatamodel;
		};
/* End XCVersionGroup section */
	};
	rootObject = 4BB138511D988C5F002E866F /* Project object */;
}
